// !$*UTF8*$!
{
	archiveVersion = 1;
	classes = {
	};
	objectVersion = 55;
	objects = {

/* Begin PBXBuildFile section */
		991CBE2C286D8BFB00D96168 /* CoreDataWithSwiftUIApp.swift in Sources */ = {isa = PBXBuildFile; fileRef = 991CBE2B286D8BFB00D96168 /* CoreDataWithSwiftUIApp.swift */; };
		991CBE2E286D8BFB00D96168 /* ContentView.swift in Sources */ = {isa = PBXBuildFile; fileRef = 991CBE2D286D8BFB00D96168 /* ContentView.swift */; };
		991CBE30286D8BFD00D96168 /* Assets.xcassets in Resources */ = {isa = PBXBuildFile; fileRef = 991CBE2F286D8BFD00D96168 /* Assets.xcassets */; };
		991CBE33286D8BFD00D96168 /* Preview Assets.xcassets in Resources */ = {isa = PBXBuildFile; fileRef = 991CBE32286D8BFD00D96168 /* Preview Assets.xcassets */; };
		991CBE3F286D8D1E00D96168 /* PersistantStorage.swift in Sources */ = {isa = PBXBuildFile; fileRef = 991CBE3E286D8D1E00D96168 /* PersistantStorage.swift */; };
		991CBE42286D8D9600D96168 /* AppInfoConfig.swift in Sources */ = {isa = PBXBuildFile; fileRef = 991CBE41286D8D9600D96168 /* AppInfoConfig.swift */; };
		991CBE45286D8E7400D96168 /* UniversityDataModel.xcdatamodeld in Sources */ = {isa = PBXBuildFile; fileRef = 991CBE43286D8E7400D96168 /* UniversityDataModel.xcdatamodeld */; };
		991CBE4A286D933800D96168 /* DevFlag.swift in Sources */ = {isa = PBXBuildFile; fileRef = 991CBE49286D933800D96168 /* DevFlag.swift */; };
		991CBE4C286D935C00D96168 /* Log.swift in Sources */ = {isa = PBXBuildFile; fileRef = 991CBE4B286D935C00D96168 /* Log.swift */; };
		991CBE4E286D9A4F00D96168 /* DashboardView.swift in Sources */ = {isa = PBXBuildFile; fileRef = 991CBE4D286D9A4F00D96168 /* DashboardView.swift */; };
		991CBE52286D9C7100D96168 /* CourseItemView.swift in Sources */ = {isa = PBXBuildFile; fileRef = 991CBE51286D9C7100D96168 /* CourseItemView.swift */; };
		991CBE57286DAB7400D96168 /* Course.swift in Sources */ = {isa = PBXBuildFile; fileRef = 991CBE56286DAB7400D96168 /* Course.swift */; };
		991CBE59286DABD300D96168 /* DashboardViewModel.swift in Sources */ = {isa = PBXBuildFile; fileRef = 991CBE58286DABD300D96168 /* DashboardViewModel.swift */; };
		991CBE5C286DB0B000D96168 /* NewCourseView.swift in Sources */ = {isa = PBXBuildFile; fileRef = 991CBE5B286DB0AF00D96168 /* NewCourseView.swift */; };
/* End PBXBuildFile section */

/* Begin PBXFileReference section */
		991CBE28286D8BFB00D96168 /* CoreDataWithSwiftUI.app */ = {isa = PBXFileReference; explicitFileType = wrapper.application; includeInIndex = 0; path = CoreDataWithSwiftUI.app; sourceTree = BUILT_PRODUCTS_DIR; };
		991CBE2B286D8BFB00D96168 /* CoreDataWithSwiftUIApp.swift */ = {isa = PBXFileReference; lastKnownFileType = sourcecode.swift; path = CoreDataWithSwiftUIApp.swift; sourceTree = "<group>"; };
		991CBE2D286D8BFB00D96168 /* ContentView.swift */ = {isa = PBXFileReference; lastKnownFileType = sourcecode.swift; path = ContentView.swift; sourceTree = "<group>"; };
		991CBE2F286D8BFD00D96168 /* Assets.xcassets */ = {isa = PBXFileReference; lastKnownFileType = folder.assetcatalog; path = Assets.xcassets; sourceTree = "<group>"; };
		991CBE32286D8BFD00D96168 /* Preview Assets.xcassets */ = {isa = PBXFileReference; lastKnownFileType = folder.assetcatalog; path = "Preview Assets.xcassets"; sourceTree = "<group>"; };
		991CBE3E286D8D1E00D96168 /* PersistantStorage.swift */ = {isa = PBXFileReference; lastKnownFileType = sourcecode.swift; path = PersistantStorage.swift; sourceTree = "<group>"; };
		991CBE41286D8D9600D96168 /* AppInfoConfig.swift */ = {isa = PBXFileReference; lastKnownFileType = sourcecode.swift; path = AppInfoConfig.swift; sourceTree = "<group>"; };
		991CBE44286D8E7400D96168 /* LanguageDataModel.xcdatamodel */ = {isa = PBXFileReference; lastKnownFileType = wrapper.xcdatamodel; path = LanguageDataModel.xcdatamodel; sourceTree = "<group>"; };
		991CBE49286D933800D96168 /* DevFlag.swift */ = {isa = PBXFileReference; lastKnownFileType = sourcecode.swift; path = DevFlag.swift; sourceTree = "<group>"; };
		991CBE4B286D935C00D96168 /* Log.swift */ = {isa = PBXFileReference; lastKnownFileType = sourcecode.swift; path = Log.swift; sourceTree = "<group>"; };
		991CBE4D286D9A4F00D96168 /* DashboardView.swift */ = {isa = PBXFileReference; lastKnownFileType = sourcecode.swift; path = DashboardView.swift; sourceTree = "<group>"; };
		991CBE51286D9C7100D96168 /* CourseItemView.swift */ = {isa = PBXFileReference; lastKnownFileType = sourcecode.swift; path = CourseItemView.swift; sourceTree = "<group>"; };
		991CBE56286DAB7400D96168 /* Course.swift */ = {isa = PBXFileReference; lastKnownFileType = sourcecode.swift; path = Course.swift; sourceTree = "<group>"; };
		991CBE58286DABD300D96168 /* DashboardViewModel.swift */ = {isa = PBXFileReference; lastKnownFileType = sourcecode.swift; path = DashboardViewModel.swift; sourceTree = "<group>"; };
		991CBE5B286DB0AF00D96168 /* NewCourseView.swift */ = {isa = PBXFileReference; lastKnownFileType = sourcecode.swift; path = NewCourseView.swift; sourceTree = "<group>"; };
/* End PBXFileReference section */

/* Begin PBXFrameworksBuildPhase section */
		991CBE25286D8BFB00D96168 /* Frameworks */ = {
			isa = PBXFrameworksBuildPhase;
			buildActionMask = 2147483647;
			files = (
			);
			runOnlyForDeploymentPostprocessing = 0;
		};
/* End PBXFrameworksBuildPhase section */

/* Begin PBXGroup section */
		991CBE1F286D8BFB00D96168 = {
			isa = PBXGroup;
			children = (
				991CBE2A286D8BFB00D96168 /* CoreDataWithSwiftUI */,
				991CBE29286D8BFB00D96168 /* Products */,
			);
			sourceTree = "<group>";
		};
		991CBE29286D8BFB00D96168 /* Products */ = {
			isa = PBXGroup;
			children = (
				991CBE28286D8BFB00D96168 /* CoreDataWithSwiftUI.app */,
			);
			name = Products;
			sourceTree = "<group>";
		};
		991CBE2A286D8BFB00D96168 /* CoreDataWithSwiftUI */ = {
			isa = PBXGroup;
			children = (
				991CBE55286DAB5C00D96168 /* Model */,
				991CBE3D286D8CAF00D96168 /* AppDelegate */,
				991CBE39286D8C2200D96168 /* View */,
				991CBE53286DAB3100D96168 /* ViewModel */,
				991CBE3C286D8C4A00D96168 /* CoreDataFiles */,
				991CBE40286D8D8200D96168 /* AppInfoConfig */,
				991CBE47286D931D00D96168 /* Utils */,
				991CBE43286D8E7400D96168 /* UniversityDataModel.xcdatamodeld */,
				991CBE2F286D8BFD00D96168 /* Assets.xcassets */,
				991CBE31286D8BFD00D96168 /* Preview Content */,
			);
			path = CoreDataWithSwiftUI;
			sourceTree = "<group>";
		};
		991CBE31286D8BFD00D96168 /* Preview Content */ = {
			isa = PBXGroup;
			children = (
				991CBE32286D8BFD00D96168 /* Preview Assets.xcassets */,
			);
			path = "Preview Content";
			sourceTree = "<group>";
		};
		991CBE39286D8C2200D96168 /* View */ = {
			isa = PBXGroup;
			children = (
				991CBE2D286D8BFB00D96168 /* ContentView.swift */,
				991CBE5A286DB06A00D96168 /* NewCourseView */,
				991CBE4F286D9C3200D96168 /* DashboardView */,
			);
			path = View;
			sourceTree = "<group>";
		};
		991CBE3C286D8C4A00D96168 /* CoreDataFiles */ = {
			isa = PBXGroup;
			children = (
				991CBE3E286D8D1E00D96168 /* PersistantStorage.swift */,
			);
			path = CoreDataFiles;
			sourceTree = "<group>";
		};
		991CBE3D286D8CAF00D96168 /* AppDelegate */ = {
			isa = PBXGroup;
			children = (
				991CBE2B286D8BFB00D96168 /* CoreDataWithSwiftUIApp.swift */,
			);
			path = AppDelegate;
			sourceTree = "<group>";
		};
		991CBE40286D8D8200D96168 /* AppInfoConfig */ = {
			isa = PBXGroup;
			children = (
				991CBE41286D8D9600D96168 /* AppInfoConfig.swift */,
			);
			path = AppInfoConfig;
			sourceTree = "<group>";
		};
		991CBE47286D931D00D96168 /* Utils */ = {
			isa = PBXGroup;
			children = (
				991CBE48286D932300D96168 /* Debug */,
			);
			path = Utils;
			sourceTree = "<group>";
		};
		991CBE48286D932300D96168 /* Debug */ = {
			isa = PBXGroup;
			children = (
				991CBE49286D933800D96168 /* DevFlag.swift */,
				991CBE4B286D935C00D96168 /* Log.swift */,
			);
			path = Debug;
			sourceTree = "<group>";
		};
		991CBE4F286D9C3200D96168 /* DashboardView */ = {
			isa = PBXGroup;
			children = (
				991CBE4D286D9A4F00D96168 /* DashboardView.swift */,
				991CBE50286D9C4700D96168 /* SupportingView */,
			);
			path = DashboardView;
			sourceTree = "<group>";
		};
		991CBE50286D9C4700D96168 /* SupportingView */ = {
			isa = PBXGroup;
			children = (
				991CBE51286D9C7100D96168 /* CourseItemView.swift */,
			);
			path = SupportingView;
			sourceTree = "<group>";
		};
		991CBE53286DAB3100D96168 /* ViewModel */ = {
			isa = PBXGroup;
			children = (
				991CBE58286DABD300D96168 /* DashboardViewModel.swift */,
			);
			path = ViewModel;
			sourceTree = "<group>";
		};
		991CBE55286DAB5C00D96168 /* Model */ = {
			isa = PBXGroup;
			children = (
				991CBE56286DAB7400D96168 /* Course.swift */,
			);
			path = Model;
			sourceTree = "<group>";
		};
		991CBE5A286DB06A00D96168 /* NewCourseView */ = {
			isa = PBXGroup;
			children = (
				991CBE5B286DB0AF00D96168 /* NewCourseView.swift */,
			);
			path = NewCourseView;
			sourceTree = "<group>";
		};
/* End PBXGroup section */

/* Begin PBXNativeTarget section */
		991CBE27286D8BFB00D96168 /* CoreDataWithSwiftUI */ = {
			isa = PBXNativeTarget;
			buildConfigurationList = 991CBE36286D8BFD00D96168 /* Build configuration list for PBXNativeTarget "CoreDataWithSwiftUI" */;
			buildPhases = (
				991CBE24286D8BFB00D96168 /* Sources */,
				991CBE25286D8BFB00D96168 /* Frameworks */,
				991CBE26286D8BFB00D96168 /* Resources */,
			);
			buildRules = (
			);
			dependencies = (
			);
			name = CoreDataWithSwiftUI;
			productName = CoreDataWithSwiftUI;
			productReference = 991CBE28286D8BFB00D96168 /* CoreDataWithSwiftUI.app */;
			productType = "com.apple.product-type.application";
		};
/* End PBXNativeTarget section */

/* Begin PBXProject section */
		991CBE20286D8BFB00D96168 /* Project object */ = {
			isa = PBXProject;
			attributes = {
				BuildIndependentTargetsInParallel = 1;
				LastSwiftUpdateCheck = 1320;
				LastUpgradeCheck = 1320;
				TargetAttributes = {
					991CBE27286D8BFB00D96168 = {
						CreatedOnToolsVersion = 13.2.1;
					};
				};
			};
			buildConfigurationList = 991CBE23286D8BFB00D96168 /* Build configuration list for PBXProject "CoreDataWithSwiftUI" */;
			compatibilityVersion = "Xcode 13.0";
			developmentRegion = en;
			hasScannedForEncodings = 0;
			knownRegions = (
				en,
				Base,
			);
			mainGroup = 991CBE1F286D8BFB00D96168;
			productRefGroup = 991CBE29286D8BFB00D96168 /* Products */;
			projectDirPath = "";
			projectRoot = "";
			targets = (
				991CBE27286D8BFB00D96168 /* CoreDataWithSwiftUI */,
			);
		};
/* End PBXProject section */

/* Begin PBXResourcesBuildPhase section */
		991CBE26286D8BFB00D96168 /* Resources */ = {
			isa = PBXResourcesBuildPhase;
			buildActionMask = 2147483647;
			files = (
				991CBE33286D8BFD00D96168 /* Preview Assets.xcassets in Resources */,
				991CBE30286D8BFD00D96168 /* Assets.xcassets in Resources */,
			);
			runOnlyForDeploymentPostprocessing = 0;
		};
/* End PBXResourcesBuildPhase section */

/* Begin PBXSourcesBuildPhase section */
		991CBE24286D8BFB00D96168 /* Sources */ = {
			isa = PBXSourcesBuildPhase;
			buildActionMask = 2147483647;
			files = (
				991CBE5C286DB0B000D96168 /* NewCourseView.swift in Sources */,
				991CBE3F286D8D1E00D96168 /* PersistantStorage.swift in Sources */,
				991CBE4E286D9A4F00D96168 /* DashboardView.swift in Sources */,
				991CBE57286DAB7400D96168 /* Course.swift in Sources */,
				991CBE4C286D935C00D96168 /* Log.swift in Sources */,
				991CBE59286DABD300D96168 /* DashboardViewModel.swift in Sources */,
				991CBE45286D8E7400D96168 /* UniversityDataModel.xcdatamodeld in Sources */,
				991CBE42286D8D9600D96168 /* AppInfoConfig.swift in Sources */,
				991CBE4A286D933800D96168 /* DevFlag.swift in Sources */,
				991CBE2E286D8BFB00D96168 /* ContentView.swift in Sources */,
				991CBE2C286D8BFB00D96168 /* CoreDataWithSwiftUIApp.swift in Sources */,
				991CBE52286D9C7100D96168 /* CourseItemView.swift in Sources */,
			);
			runOnlyForDeploymentPostprocessing = 0;
		};
/* End PBXSourcesBuildPhase section */

/* Begin XCBuildConfiguration section */
		991CBE34286D8BFD00D96168 /* Debug */ = {
			isa = XCBuildConfiguration;
			buildSettings = {
				ALWAYS_SEARCH_USER_PATHS = NO;
				CLANG_ANALYZER_NONNULL = YES;
				CLANG_ANALYZER_NUMBER_OBJECT_CONVERSION = YES_AGGRESSIVE;
				CLANG_CXX_LANGUAGE_STANDARD = "gnu++17";
				CLANG_CXX_LIBRARY = "libc++";
				CLANG_ENABLE_MODULES = YES;
				CLANG_ENABLE_OBJC_ARC = YES;
				CLANG_ENABLE_OBJC_WEAK = YES;
				CLANG_WARN_BLOCK_CAPTURE_AUTORELEASING = YES;
				CLANG_WARN_BOOL_CONVERSION = YES;
				CLANG_WARN_COMMA = YES;
				CLANG_WARN_CONSTANT_CONVERSION = YES;
				CLANG_WARN_DEPRECATED_OBJC_IMPLEMENTATIONS = YES;
				CLANG_WARN_DIRECT_OBJC_ISA_USAGE = YES_ERROR;
				CLANG_WARN_DOCUMENTATION_COMMENTS = YES;
				CLANG_WARN_EMPTY_BODY = YES;
				CLANG_WARN_ENUM_CONVERSION = YES;
				CLANG_WARN_INFINITE_RECURSION = YES;
				CLANG_WARN_INT_CONVERSION = YES;
				CLANG_WARN_NON_LITERAL_NULL_CONVERSION = YES;
				CLANG_WARN_OBJC_IMPLICIT_RETAIN_SELF = YES;
				CLANG_WARN_OBJC_LITERAL_CONVERSION = YES;
				CLANG_WARN_OBJC_ROOT_CLASS = YES_ERROR;
				CLANG_WARN_QUOTED_INCLUDE_IN_FRAMEWORK_HEADER = YES;
				CLANG_WARN_RANGE_LOOP_ANALYSIS = YES;
				CLANG_WARN_STRICT_PROTOTYPES = YES;
				CLANG_WARN_SUSPICIOUS_MOVE = YES;
				CLANG_WARN_UNGUARDED_AVAILABILITY = YES_AGGRESSIVE;
				CLANG_WARN_UNREACHABLE_CODE = YES;
				CLANG_WARN__DUPLICATE_METHOD_MATCH = YES;
				COPY_PHASE_STRIP = NO;
				DEBUG_INFORMATION_FORMAT = dwarf;
				ENABLE_STRICT_OBJC_MSGSEND = YES;
				ENABLE_TESTABILITY = YES;
				GCC_C_LANGUAGE_STANDARD = gnu11;
				GCC_DYNAMIC_NO_PIC = NO;
				GCC_NO_COMMON_BLOCKS = YES;
				GCC_OPTIMIZATION_LEVEL = 0;
				GCC_PREPROCESSOR_DEFINITIONS = (
					"DEBUG=1",
					"$(inherited)",
				);
				GCC_WARN_64_TO_32_BIT_CONVERSION = YES;
				GCC_WARN_ABOUT_RETURN_TYPE = YES_ERROR;
				GCC_WARN_UNDECLARED_SELECTOR = YES;
				GCC_WARN_UNINITIALIZED_AUTOS = YES_AGGRESSIVE;
				GCC_WARN_UNUSED_FUNCTION = YES;
				GCC_WARN_UNUSED_VARIABLE = YES;
				IPHONEOS_DEPLOYMENT_TARGET = 15.2;
				MTL_ENABLE_DEBUG_INFO = INCLUDE_SOURCE;
				MTL_FAST_MATH = YES;
				ONLY_ACTIVE_ARCH = YES;
				SDKROOT = iphoneos;
				SWIFT_ACTIVE_COMPILATION_CONDITIONS = DEBUG;
				SWIFT_OPTIMIZATION_LEVEL = "-Onone";
			};
			name = Debug;
		};
		991CBE35286D8BFD00D96168 /* Release */ = {
			isa = XCBuildConfiguration;
			buildSettings = {
				ALWAYS_SEARCH_USER_PATHS = NO;
				CLANG_ANALYZER_NONNULL = YES;
				CLANG_ANALYZER_NUMBER_OBJECT_CONVERSION = YES_AGGRESSIVE;
				CLANG_CXX_LANGUAGE_STANDARD = "gnu++17";
				CLANG_CXX_LIBRARY = "libc++";
				CLANG_ENABLE_MODULES = YES;
				CLANG_ENABLE_OBJC_ARC = YES;
				CLANG_ENABLE_OBJC_WEAK = YES;
				CLANG_WARN_BLOCK_CAPTURE_AUTORELEASING = YES;
				CLANG_WARN_BOOL_CONVERSION = YES;
				CLANG_WARN_COMMA = YES;
				CLANG_WARN_CONSTANT_CONVERSION = YES;
				CLANG_WARN_DEPRECATED_OBJC_IMPLEMENTATIONS = YES;
				CLANG_WARN_DIRECT_OBJC_ISA_USAGE = YES_ERROR;
				CLANG_WARN_DOCUMENTATION_COMMENTS = YES;
				CLANG_WARN_EMPTY_BODY = YES;
				CLANG_WARN_ENUM_CONVERSION = YES;
				CLANG_WARN_INFINITE_RECURSION = YES;
				CLANG_WARN_INT_CONVERSION = YES;
				CLANG_WARN_NON_LITERAL_NULL_CONVERSION = YES;
				CLANG_WARN_OBJC_IMPLICIT_RETAIN_SELF = YES;
				CLANG_WARN_OBJC_LITERAL_CONVERSION = YES;
				CLANG_WARN_OBJC_ROOT_CLASS = YES_ERROR;
				CLANG_WARN_QUOTED_INCLUDE_IN_FRAMEWORK_HEADER = YES;
				CLANG_WARN_RANGE_LOOP_ANALYSIS = YES;
				CLANG_WARN_STRICT_PROTOTYPES = YES;
				CLANG_WARN_SUSPICIOUS_MOVE = YES;
				CLANG_WARN_UNGUARDED_AVAILABILITY = YES_AGGRESSIVE;
				CLANG_WARN_UNREACHABLE_CODE = YES;
				CLANG_WARN__DUPLICATE_METHOD_MATCH = YES;
				COPY_PHASE_STRIP = NO;
				DEBUG_INFORMATION_FORMAT = "dwarf-with-dsym";
				ENABLE_NS_ASSERTIONS = NO;
				ENABLE_STRICT_OBJC_MSGSEND = YES;
				GCC_C_LANGUAGE_STANDARD = gnu11;
				GCC_NO_COMMON_BLOCKS = YES;
				GCC_WARN_64_TO_32_BIT_CONVERSION = YES;
				GCC_WARN_ABOUT_RETURN_TYPE = YES_ERROR;
				GCC_WARN_UNDECLARED_SELECTOR = YES;
				GCC_WARN_UNINITIALIZED_AUTOS = YES_AGGRESSIVE;
				GCC_WARN_UNUSED_FUNCTION = YES;
				GCC_WARN_UNUSED_VARIABLE = YES;
				IPHONEOS_DEPLOYMENT_TARGET = 15.2;
				MTL_ENABLE_DEBUG_INFO = NO;
				MTL_FAST_MATH = YES;
				SDKROOT = iphoneos;
				SWIFT_COMPILATION_MODE = wholemodule;
				SWIFT_OPTIMIZATION_LEVEL = "-O";
				VALIDATE_PRODUCT = YES;
			};
			name = Release;
		};
		991CBE37286D8BFD00D96168 /* Debug */ = {
			isa = XCBuildConfiguration;
			buildSettings = {
				ASSETCATALOG_COMPILER_APPICON_NAME = AppIcon;
				ASSETCATALOG_COMPILER_GLOBAL_ACCENT_COLOR_NAME = AccentColor;
				CODE_SIGN_STYLE = Automatic;
				CURRENT_PROJECT_VERSION = 1;
				DEVELOPMENT_ASSET_PATHS = "\"CoreDataWithSwiftUI/Preview Content\"";
				DEVELOPMENT_TEAM = 93KW66L46X;
				ENABLE_PREVIEWS = YES;
				GENERATE_INFOPLIST_FILE = YES;
				INFOPLIST_KEY_UIApplicationSceneManifest_Generation = YES;
				INFOPLIST_KEY_UIApplicationSupportsIndirectInputEvents = YES;
				INFOPLIST_KEY_UILaunchScreen_Generation = YES;
				INFOPLIST_KEY_UISupportedInterfaceOrientations_iPad = "UIInterfaceOrientationPortrait UIInterfaceOrientationPortraitUpsideDown UIInterfaceOrientationLandscapeLeft UIInterfaceOrientationLandscapeRight";
				INFOPLIST_KEY_UISupportedInterfaceOrientations_iPhone = "UIInterfaceOrientationPortrait UIInterfaceOrientationLandscapeLeft UIInterfaceOrientationLandscapeRight";
				LD_RUNPATH_SEARCH_PATHS = (
					"$(inherited)",
					"@executable_path/Frameworks",
				);
				MARKETING_VERSION = 1.0;
				PRODUCT_BUNDLE_IDENTIFIER = com.abhishek.dhiman.CoreDataWithSwiftUI;
				PRODUCT_NAME = "$(TARGET_NAME)";
				SWIFT_EMIT_LOC_STRINGS = YES;
				SWIFT_VERSION = 5.0;
				TARGETED_DEVICE_FAMILY = "1,2";
			};
			name = Debug;
		};
		991CBE38286D8BFD00D96168 /* Release */ = {
			isa = XCBuildConfiguration;
			buildSettings = {
				ASSETCATALOG_COMPILER_APPICON_NAME = AppIcon;
				ASSETCATALOG_COMPILER_GLOBAL_ACCENT_COLOR_NAME = AccentColor;
				CODE_SIGN_STYLE = Automatic;
				CURRENT_PROJECT_VERSION = 1;
				DEVELOPMENT_ASSET_PATHS = "\"CoreDataWithSwiftUI/Preview Content\"";
				DEVELOPMENT_TEAM = 93KW66L46X;
				ENABLE_PREVIEWS = YES;
				GENERATE_INFOPLIST_FILE = YES;
				INFOPLIST_KEY_UIApplicationSceneManifest_Generation = YES;
				INFOPLIST_KEY_UIApplicationSupportsIndirectInputEvents = YES;
				INFOPLIST_KEY_UILaunchScreen_Generation = YES;
				INFOPLIST_KEY_UISupportedInterfaceOrientations_iPad = "UIInterfaceOrientationPortrait UIInterfaceOrientationPortraitUpsideDown UIInterfaceOrientationLandscapeLeft UIInterfaceOrientationLandscapeRight";
				INFOPLIST_KEY_UISupportedInterfaceOrientations_iPhone = "UIInterfaceOrientationPortrait UIInterfaceOrientationLandscapeLeft UIInterfaceOrientationLandscapeRight";
				LD_RUNPATH_SEARCH_PATHS = (
					"$(inherited)",
					"@executable_path/Frameworks",
				);
				MARKETING_VERSION = 1.0;
				PRODUCT_BUNDLE_IDENTIFIER = com.abhishek.dhiman.CoreDataWithSwiftUI;
				PRODUCT_NAME = "$(TARGET_NAME)";
				SWIFT_EMIT_LOC_STRINGS = YES;
				SWIFT_VERSION = 5.0;
				TARGETED_DEVICE_FAMILY = "1,2";
			};
			name = Release;
		};
/* End XCBuildConfiguration section */

/* Begin XCConfigurationList section */
		991CBE23286D8BFB00D96168 /* Build configuration list for PBXProject "CoreDataWithSwiftUI" */ = {
			isa = XCConfigurationList;
			buildConfigurations = (
				991CBE34286D8BFD00D96168 /* Debug */,
				991CBE35286D8BFD00D96168 /* Release */,
			);
			defaultConfigurationIsVisible = 0;
			defaultConfigurationName = Release;
		};
		991CBE36286D8BFD00D96168 /* Build configuration list for PBXNativeTarget "CoreDataWithSwiftUI" */ = {
			isa = XCConfigurationList;
			buildConfigurations = (
				991CBE37286D8BFD00D96168 /* Debug */,
				991CBE38286D8BFD00D96168 /* Release */,
			);
			defaultConfigurationIsVisible = 0;
			defaultConfigurationName = Release;
		};
/* End XCConfigurationList section */

/* Begin XCVersionGroup section */
		991CBE43286D8E7400D96168 /* UniversityDataModel.xcdatamodeld */ = {
			isa = XCVersionGroup;
			children = (
				991CBE44286D8E7400D96168 /* LanguageDataModel.xcdatamodel */,
			);
			currentVersion = 991CBE44286D8E7400D96168 /* LanguageDataModel.xcdatamodel */;
			path = UniversityDataModel.xcdatamodeld;
			sourceTree = "<group>";
			versionGroupType = wrapper.xcdatamodel;
		};
/* End XCVersionGroup section */
	};
	rootObject = 991CBE20286D8BFB00D96168 /* Project object */;
}
